
Microsoft Visual Studio Solution File, Format Version 12.00
# Visual Studio 15
VisualStudioVersion = 15.0.27428.2002
MinimumVisualStudioVersion = 10.0.40219.1
Project("{FAE04EC0-301F-11D3-BF4B-00C04F79EFBC}") = "Foo", "Foo\Foo.csproj", "{96FC2739-179D-4C89-A83D-B288B353A945}"
EndProject
Project("{FAE04EC0-301F-11D3-BF4B-00C04F79EFBC}") = "Foo.Tests", "Foo.Tests\Foo.Tests.csproj", "{7C1CF796-A973-4774-A6A8-6DCA28A718FE}"
EndProject
Global
	GlobalSection(SolutionConfigurationPlatforms) = preSolution
		Debug|Any CPU = Debug|Any CPU
		Release|Any CPU = Release|Any CPU
	EndGlobalSection
	GlobalSection(ProjectConfigurationPlatforms) = postSolution
		{96FC2739-179D-4C89-A83D-B288B353A945}.Debug|Any CPU.ActiveCfg = Debug|Any CPU
		{96FC2739-179D-4C89-A83D-B288B353A945}.Debug|Any CPU.Build.0 = Debug|Any CPU
		{96FC2739-179D-4C89-A83D-B288B353A945}.Release|Any CPU.ActiveCfg = Release|Any CPU
		{96FC2739-179D-4C89-A83D-B288B353A945}.Release|Any CPU.Build.0 = Release|Any CPU
		{7C1CF796-A973-4774-A6A8-6DCA28A718FE}.Debug|Any CPU.ActiveCfg = Debug|Any CPU
		{7C1CF796-A973-4774-A6A8-6DCA28A718FE}.Debug|Any CPU.Build.0 = Debug|Any CPU
		{7C1CF796-A973-4774-A6A8-6DCA28A718FE}.Release|Any CPU.ActiveCfg = Release|Any CPU
		{7C1CF796-A973-4774-A6A8-6DCA28A718FE}.Release|Any CPU.Build.0 = Release|Any CPU
	EndGlobalSection
	GlobalSection(SolutionProperties) = preSolution
		HideSolutionNode = FALSE
	EndGlobalSection
	GlobalSection(ExtensibilityGlobals) = postSolution
		SolutionGuid = {A2303EF0-2CE7-4D90-9F91-DCAEE5847E50}
	EndGlobalSection
EndGlobal
